
Microsoft Visual Studio Solution File, Format Version 12.00
# Visual Studio Version 17
VisualStudioVersion = 17.13.35825.156 d17.13
MinimumVisualStudioVersion = 10.0.40219.1
Project("{FAE04EC0-301F-11D3-BF4B-00C04F79EFBC}") = "RoboTupiquinin.ConsoleApp", "RoboTupiquinin.ConsoleApp\RoboTupiquinin.ConsoleApp.csproj", "{42A2CFA1-6BED-4724-AF3D-26D5CC3F6CBD}"
EndProject
Global
	GlobalSection(SolutionConfigurationPlatforms) = preSolution
		Debug|Any CPU = Debug|Any CPU
		Release|Any CPU = Release|Any CPU
	EndGlobalSection
	GlobalSection(ProjectConfigurationPlatforms) = postSolution
		{42A2CFA1-6BED-4724-AF3D-26D5CC3F6CBD}.Debug|Any CPU.ActiveCfg = Debug|Any CPU
		{42A2CFA1-6BED-4724-AF3D-26D5CC3F6CBD}.Debug|Any CPU.Build.0 = Debug|Any CPU
		{42A2CFA1-6BED-4724-AF3D-26D5CC3F6CBD}.Release|Any CPU.ActiveCfg = Release|Any CPU
		{42A2CFA1-6BED-4724-AF3D-26D5CC3F6CBD}.Release|Any CPU.Build.0 = Release|Any CPU
	EndGlobalSection
	GlobalSection(SolutionProperties) = preSolution
		HideSolutionNode = FALSE
	EndGlobalSection
	GlobalSection(ExtensibilityGlobals) = postSolution
		SolutionGuid = {E668C88A-36E0-4828-A42D-6374F43C3139}
	EndGlobalSection
EndGlobal
